
Microsoft Visual Studio Solution File, Format Version 12.00
# Visual Studio Version 17
VisualStudioVersion = 17.2.32616.157
MinimumVisualStudioVersion = 10.0.40219.1
Project("{9A19103F-16F7-4668-BE54-9A1E7A4F7556}") = "House.WebApi", "House.WebApi.csproj", "{8CBFDF58-D5FD-4F88-AF9A-73C5853A5120}"
EndProject
Project("{9A19103F-16F7-4668-BE54-9A1E7A4F7556}") = "House.Domain", "..\House.Domain\House.Domain.csproj", "{BF37C4A3-BA48-4065-BADC-F7F590C1EA18}"
EndProject
Project("{FAE04EC0-301F-11D3-BF4B-00C04F79EFBC}") = "House.DAL", "..\House.DAL\House.DAL.csproj", "{B45A5B51-A05D-434C-8A01-2362AC66C91D}"
EndProject
Global
	GlobalSection(SolutionConfigurationPlatforms) = preSolution
		Debug|Any CPU = Debug|Any CPU
		Release|Any CPU = Release|Any CPU
	EndGlobalSection
	GlobalSection(ProjectConfigurationPlatforms) = postSolution
		{8CBFDF58-D5FD-4F88-AF9A-73C5853A5120}.Debug|Any CPU.ActiveCfg = Debug|Any CPU
		{8CBFDF58-D5FD-4F88-AF9A-73C5853A5120}.Debug|Any CPU.Build.0 = Debug|Any CPU
		{8CBFDF58-D5FD-4F88-AF9A-73C5853A5120}.Release|Any CPU.ActiveCfg = Release|Any CPU
		{8CBFDF58-D5FD-4F88-AF9A-73C5853A5120}.Release|Any CPU.Build.0 = Release|Any CPU
		{BF37C4A3-BA48-4065-BADC-F7F590C1EA18}.Debug|Any CPU.ActiveCfg = Debug|Any CPU
		{BF37C4A3-BA48-4065-BADC-F7F590C1EA18}.Debug|Any CPU.Build.0 = Debug|Any CPU
		{BF37C4A3-BA48-4065-BADC-F7F590C1EA18}.Release|Any CPU.ActiveCfg = Release|Any CPU
		{BF37C4A3-BA48-4065-BADC-F7F590C1EA18}.Release|Any CPU.Build.0 = Release|Any CPU
		{B45A5B51-A05D-434C-8A01-2362AC66C91D}.Debug|Any CPU.ActiveCfg = Debug|Any CPU
		{B45A5B51-A05D-434C-8A01-2362AC66C91D}.Debug|Any CPU.Build.0 = Debug|Any CPU
		{B45A5B51-A05D-434C-8A01-2362AC66C91D}.Release|Any CPU.ActiveCfg = Release|Any CPU
		{B45A5B51-A05D-434C-8A01-2362AC66C91D}.Release|Any CPU.Build.0 = Release|Any CPU
	EndGlobalSection
	GlobalSection(SolutionProperties) = preSolution
		HideSolutionNode = FALSE
	EndGlobalSection
	GlobalSection(ExtensibilityGlobals) = postSolution
		SolutionGuid = {FE46FFE3-167A-49B4-9325-9F2553846AD7}
	EndGlobalSection
EndGlobal
