
Microsoft Visual Studio Solution File, Format Version 12.00
# Visual Studio Version 17
VisualStudioVersion = 17.2.32616.157
MinimumVisualStudioVersion = 10.0.40219.1
Project("{FAE04EC0-301F-11D3-BF4B-00C04F79EFBC}") = "House.WebApi", "House.WebApi.csproj", "{8CBFDF58-D5FD-4F88-AF9A-73C5853A5120}"
EndProject
Global
	GlobalSection(SolutionConfigurationPlatforms) = preSolution
		Debug|Any CPU = Debug|Any CPU
		Release|Any CPU = Release|Any CPU
	EndGlobalSection
	GlobalSection(ProjectConfigurationPlatforms) = postSolution
		{8CBFDF58-D5FD-4F88-AF9A-73C5853A5120}.Debug|Any CPU.ActiveCfg = Debug|Any CPU
		{8CBFDF58-D5FD-4F88-AF9A-73C5853A5120}.Debug|Any CPU.Build.0 = Debug|Any CPU
		{8CBFDF58-D5FD-4F88-AF9A-73C5853A5120}.Release|Any CPU.ActiveCfg = Release|Any CPU
		{8CBFDF58-D5FD-4F88-AF9A-73C5853A5120}.Release|Any CPU.Build.0 = Release|Any CPU
	EndGlobalSection
	GlobalSection(SolutionProperties) = preSolution
		HideSolutionNode = FALSE
	EndGlobalSection
	GlobalSection(ExtensibilityGlobals) = postSolution
		SolutionGuid = {FE46FFE3-167A-49B4-9325-9F2553846AD7}
	EndGlobalSection
EndGlobal
